
Microsoft Visual Studio Solution File, Format Version 12.00
# Visual Studio 15
VisualStudioVersion = 15.0.27703.2026
MinimumVisualStudioVersion = 10.0.40219.1
Project("{FAE04EC0-301F-11D3-BF4B-00C04F79EFBC}") = "JQ.QA.Model", "JQ.QA.Model\JQ.QA.Model.csproj", "{CDE28E73-9A92-43F1-8F9A-A9C66BB86107}"
EndProject
Project("{FAE04EC0-301F-11D3-BF4B-00C04F79EFBC}") = "JQ.QA.Dal", "JQ.QA.Dal\JQ.QA.Dal.csproj", "{F1B475F2-724E-4511-853E-B86A05BEB55E}"
EndProject
Project("{FAE04EC0-301F-11D3-BF4B-00C04F79EFBC}") = "JQ.QA.IDal", "JQ.QA.IDal\JQ.QA.IDal.csproj", "{FDDDA171-941D-4292-B969-5707351D683F}"
EndProject
Project("{FAE04EC0-301F-11D3-BF4B-00C04F79EFBC}") = "JQ.OA.IBll", "JQ.OA.IBll\JQ.OA.IBll.csproj", "{13FA1F68-3FA5-4B30-B55E-200F5E61CB5C}"
EndProject
Project("{FAE04EC0-301F-11D3-BF4B-00C04F79EFBC}") = "JQ.OA.Bll", "JQ.OA.Bll\JQ.OA.Bll.csproj", "{C3E4BCC8-C375-405B-971E-81BD400CF141}"
EndProject
Project("{FAE04EC0-301F-11D3-BF4B-00C04F79EFBC}") = "JQ.OA.Common", "JQ.OA.Common\JQ.OA.Common.csproj", "{1AC892DF-88E0-4222-B6BC-E53183CDFC6F}"
EndProject
Project("{FAE04EC0-301F-11D3-BF4B-00C04F79EFBC}") = "JQ.OA.WebApp", "JQ.OA.WebApp\JQ.OA.WebApp.csproj", "{5D882D62-B90A-4D18-93A2-92BFBEF8CB0B}"
EndProject
Project("{FAE04EC0-301F-11D3-BF4B-00C04F79EFBC}") = "JQ.OA.DALFactory", "JQ.OA.DALFactory\JQ.OA.DALFactory.csproj", "{AEE81353-3148-4410-8334-EDE8B4C57D66}"
EndProject
Project("{2150E333-8FDC-42A3-9474-1A3956D46DE8}") = "Bll", "Bll", "{E7E706AF-1ABB-49F4-B732-A574427DB069}"
EndProject
Project("{2150E333-8FDC-42A3-9474-1A3956D46DE8}") = "Dal", "Dal", "{01421518-B1D9-4797-B5DD-AB8DBA914190}"
EndProject
Project("{2150E333-8FDC-42A3-9474-1A3956D46DE8}") = "Common", "Common", "{39104715-783E-4A57-8C51-768BFFE2D56F}"
EndProject
Project("{2150E333-8FDC-42A3-9474-1A3956D46DE8}") = "Model", "Model", "{92435E7B-3A90-480B-B34A-64CC4F59B498}"
EndProject
Project("{2150E333-8FDC-42A3-9474-1A3956D46DE8}") = "UI", "UI", "{2C4E00A3-A466-4074-814D-2219DA3C7028}"
EndProject
Project("{2150E333-8FDC-42A3-9474-1A3956D46DE8}") = "Demo", "Demo", "{78991456-7543-4F89-9B3F-335B16572AF5}"
EndProject
Project("{FAE04EC0-301F-11D3-BF4B-00C04F79EFBC}") = "Log4NetDemo", "Log4NetDemo\Log4NetDemo.csproj", "{0B672001-0644-41FC-803D-115BC7EE4EBE}"
EndProject
Project("{FAE04EC0-301F-11D3-BF4B-00C04F79EFBC}") = "T4Demo", "T4Demo\T4Demo.csproj", "{14D21B85-2C44-4768-952C-4FEB470E20D8}"
EndProject
Project("{2150E333-8FDC-42A3-9474-1A3956D46DE8}") = "UnitTest", "UnitTest", "{0639157D-0AC9-4465-9B94-8A6A340F3F25}"
EndProject
Project("{FAE04EC0-301F-11D3-BF4B-00C04F79EFBC}") = "OAUnitTest", "OAUnitTest\OAUnitTest.csproj", "{EF531FF6-E884-443C-9E67-FD94B10341A5}"
EndProject
Project("{FAE04EC0-301F-11D3-BF4B-00C04F79EFBC}") = "MyWFDemo", "MyWFDemo\MyWFDemo.csproj", "{4E42160C-4D85-4619-B9D4-590B53EE3C0D}"
EndProject
Project("{FAE04EC0-301F-11D3-BF4B-00C04F79EFBC}") = "WFWinFrmDemo", "WFWinFrmDemo\WFWinFrmDemo.csproj", "{C850C998-C7B1-4A64-97A0-6AC415D9DA9A}"
EndProject
Global
	GlobalSection(SolutionConfigurationPlatforms) = preSolution
		Debug|Any CPU = Debug|Any CPU
		Debug|x86 = Debug|x86
		Release|Any CPU = Release|Any CPU
		Release|x86 = Release|x86
	EndGlobalSection
	GlobalSection(ProjectConfigurationPlatforms) = postSolution
		{CDE28E73-9A92-43F1-8F9A-A9C66BB86107}.Debug|Any CPU.ActiveCfg = Debug|Any CPU
		{CDE28E73-9A92-43F1-8F9A-A9C66BB86107}.Debug|Any CPU.Build.0 = Debug|Any CPU
		{CDE28E73-9A92-43F1-8F9A-A9C66BB86107}.Debug|x86.ActiveCfg = Debug|Any CPU
		{CDE28E73-9A92-43F1-8F9A-A9C66BB86107}.Debug|x86.Build.0 = Debug|Any CPU
		{CDE28E73-9A92-43F1-8F9A-A9C66BB86107}.Release|Any CPU.ActiveCfg = Release|Any CPU
		{CDE28E73-9A92-43F1-8F9A-A9C66BB86107}.Release|Any CPU.Build.0 = Release|Any CPU
		{CDE28E73-9A92-43F1-8F9A-A9C66BB86107}.Release|x86.ActiveCfg = Release|Any CPU
		{CDE28E73-9A92-43F1-8F9A-A9C66BB86107}.Release|x86.Build.0 = Release|Any CPU
		{F1B475F2-724E-4511-853E-B86A05BEB55E}.Debug|Any CPU.ActiveCfg = Debug|Any CPU
		{F1B475F2-724E-4511-853E-B86A05BEB55E}.Debug|Any CPU.Build.0 = Debug|Any CPU
		{F1B475F2-724E-4511-853E-B86A05BEB55E}.Debug|x86.ActiveCfg = Debug|Any CPU
		{F1B475F2-724E-4511-853E-B86A05BEB55E}.Debug|x86.Build.0 = Debug|Any CPU
		{F1B475F2-724E-4511-853E-B86A05BEB55E}.Release|Any CPU.ActiveCfg = Release|Any CPU
		{F1B475F2-724E-4511-853E-B86A05BEB55E}.Release|Any CPU.Build.0 = Release|Any CPU
		{F1B475F2-724E-4511-853E-B86A05BEB55E}.Release|x86.ActiveCfg = Release|Any CPU
		{F1B475F2-724E-4511-853E-B86A05BEB55E}.Release|x86.Build.0 = Release|Any CPU
		{FDDDA171-941D-4292-B969-5707351D683F}.Debug|Any CPU.ActiveCfg = Debug|Any CPU
		{FDDDA171-941D-4292-B969-5707351D683F}.Debug|Any CPU.Build.0 = Debug|Any CPU
		{FDDDA171-941D-4292-B969-5707351D683F}.Debug|x86.ActiveCfg = Debug|Any CPU
		{FDDDA171-941D-4292-B969-5707351D683F}.Debug|x86.Build.0 = Debug|Any CPU
		{FDDDA171-941D-4292-B969-5707351D683F}.Release|Any CPU.ActiveCfg = Release|Any CPU
		{FDDDA171-941D-4292-B969-5707351D683F}.Release|Any CPU.Build.0 = Release|Any CPU
		{FDDDA171-941D-4292-B969-5707351D683F}.Release|x86.ActiveCfg = Release|Any CPU
		{FDDDA171-941D-4292-B969-5707351D683F}.Release|x86.Build.0 = Release|Any CPU
		{13FA1F68-3FA5-4B30-B55E-200F5E61CB5C}.Debug|Any CPU.ActiveCfg = Debug|Any CPU
		{13FA1F68-3FA5-4B30-B55E-200F5E61CB5C}.Debug|Any CPU.Build.0 = Debug|Any CPU
		{13FA1F68-3FA5-4B30-B55E-200F5E61CB5C}.Debug|x86.ActiveCfg = Debug|Any CPU
		{13FA1F68-3FA5-4B30-B55E-200F5E61CB5C}.Debug|x86.Build.0 = Debug|Any CPU
		{13FA1F68-3FA5-4B30-B55E-200F5E61CB5C}.Release|Any CPU.ActiveCfg = Release|Any CPU
		{13FA1F68-3FA5-4B30-B55E-200F5E61CB5C}.Release|Any CPU.Build.0 = Release|Any CPU
		{13FA1F68-3FA5-4B30-B55E-200F5E61CB5C}.Release|x86.ActiveCfg = Release|Any CPU
		{13FA1F68-3FA5-4B30-B55E-200F5E61CB5C}.Release|x86.Build.0 = Release|Any CPU
		{C3E4BCC8-C375-405B-971E-81BD400CF141}.Debug|Any CPU.ActiveCfg = Debug|Any CPU
		{C3E4BCC8-C375-405B-971E-81BD400CF141}.Debug|Any CPU.Build.0 = Debug|Any CPU
		{C3E4BCC8-C375-405B-971E-81BD400CF141}.Debug|x86.ActiveCfg = Debug|Any CPU
		{C3E4BCC8-C375-405B-971E-81BD400CF141}.Debug|x86.Build.0 = Debug|Any CPU
		{C3E4BCC8-C375-405B-971E-81BD400CF141}.Release|Any CPU.ActiveCfg = Release|Any CPU
		{C3E4BCC8-C375-405B-971E-81BD400CF141}.Release|Any CPU.Build.0 = Release|Any CPU
		{C3E4BCC8-C375-405B-971E-81BD400CF141}.Release|x86.ActiveCfg = Release|Any CPU
		{C3E4BCC8-C375-405B-971E-81BD400CF141}.Release|x86.Build.0 = Release|Any CPU
		{1AC892DF-88E0-4222-B6BC-E53183CDFC6F}.Debug|Any CPU.ActiveCfg = Debug|Any CPU
		{1AC892DF-88E0-4222-B6BC-E53183CDFC6F}.Debug|Any CPU.Build.0 = Debug|Any CPU
		{1AC892DF-88E0-4222-B6BC-E53183CDFC6F}.Debug|x86.ActiveCfg = Debug|Any CPU
		{1AC892DF-88E0-4222-B6BC-E53183CDFC6F}.Debug|x86.Build.0 = Debug|Any CPU
		{1AC892DF-88E0-4222-B6BC-E53183CDFC6F}.Release|Any CPU.ActiveCfg = Release|Any CPU
		{1AC892DF-88E0-4222-B6BC-E53183CDFC6F}.Release|Any CPU.Build.0 = Release|Any CPU
		{1AC892DF-88E0-4222-B6BC-E53183CDFC6F}.Release|x86.ActiveCfg = Release|Any CPU
		{1AC892DF-88E0-4222-B6BC-E53183CDFC6F}.Release|x86.Build.0 = Release|Any CPU
		{5D882D62-B90A-4D18-93A2-92BFBEF8CB0B}.Debug|Any CPU.ActiveCfg = Debug|Any CPU
		{5D882D62-B90A-4D18-93A2-92BFBEF8CB0B}.Debug|Any CPU.Build.0 = Debug|Any CPU
		{5D882D62-B90A-4D18-93A2-92BFBEF8CB0B}.Debug|x86.ActiveCfg = Debug|Any CPU
		{5D882D62-B90A-4D18-93A2-92BFBEF8CB0B}.Debug|x86.Build.0 = Debug|Any CPU
		{5D882D62-B90A-4D18-93A2-92BFBEF8CB0B}.Release|Any CPU.ActiveCfg = Release|Any CPU
		{5D882D62-B90A-4D18-93A2-92BFBEF8CB0B}.Release|Any CPU.Build.0 = Release|Any CPU
		{5D882D62-B90A-4D18-93A2-92BFBEF8CB0B}.Release|x86.ActiveCfg = Release|Any CPU
		{5D882D62-B90A-4D18-93A2-92BFBEF8CB0B}.Release|x86.Build.0 = Release|Any CPU
		{AEE81353-3148-4410-8334-EDE8B4C57D66}.Debug|Any CPU.ActiveCfg = Debug|Any CPU
		{AEE81353-3148-4410-8334-EDE8B4C57D66}.Debug|Any CPU.Build.0 = Debug|Any CPU
		{AEE81353-3148-4410-8334-EDE8B4C57D66}.Debug|x86.ActiveCfg = Debug|Any CPU
		{AEE81353-3148-4410-8334-EDE8B4C57D66}.Debug|x86.Build.0 = Debug|Any CPU
		{AEE81353-3148-4410-8334-EDE8B4C57D66}.Release|Any CPU.ActiveCfg = Release|Any CPU
		{AEE81353-3148-4410-8334-EDE8B4C57D66}.Release|Any CPU.Build.0 = Release|Any CPU
		{AEE81353-3148-4410-8334-EDE8B4C57D66}.Release|x86.ActiveCfg = Release|Any CPU
		{AEE81353-3148-4410-8334-EDE8B4C57D66}.Release|x86.Build.0 = Release|Any CPU
		{0B672001-0644-41FC-803D-115BC7EE4EBE}.Debug|Any CPU.ActiveCfg = Debug|Any CPU
		{0B672001-0644-41FC-803D-115BC7EE4EBE}.Debug|Any CPU.Build.0 = Debug|Any CPU
		{0B672001-0644-41FC-803D-115BC7EE4EBE}.Debug|x86.ActiveCfg = Debug|Any CPU
		{0B672001-0644-41FC-803D-115BC7EE4EBE}.Debug|x86.Build.0 = Debug|Any CPU
		{0B672001-0644-41FC-803D-115BC7EE4EBE}.Release|Any CPU.ActiveCfg = Release|Any CPU
		{0B672001-0644-41FC-803D-115BC7EE4EBE}.Release|Any CPU.Build.0 = Release|Any CPU
		{0B672001-0644-41FC-803D-115BC7EE4EBE}.Release|x86.ActiveCfg = Release|Any CPU
		{0B672001-0644-41FC-803D-115BC7EE4EBE}.Release|x86.Build.0 = Release|Any CPU
		{14D21B85-2C44-4768-952C-4FEB470E20D8}.Debug|Any CPU.ActiveCfg = Debug|Any CPU
		{14D21B85-2C44-4768-952C-4FEB470E20D8}.Debug|Any CPU.Build.0 = Debug|Any CPU
		{14D21B85-2C44-4768-952C-4FEB470E20D8}.Debug|x86.ActiveCfg = Debug|Any CPU
		{14D21B85-2C44-4768-952C-4FEB470E20D8}.Debug|x86.Build.0 = Debug|Any CPU
		{14D21B85-2C44-4768-952C-4FEB470E20D8}.Release|Any CPU.ActiveCfg = Release|Any CPU
		{14D21B85-2C44-4768-952C-4FEB470E20D8}.Release|Any CPU.Build.0 = Release|Any CPU
		{14D21B85-2C44-4768-952C-4FEB470E20D8}.Release|x86.ActiveCfg = Release|Any CPU
		{14D21B85-2C44-4768-952C-4FEB470E20D8}.Release|x86.Build.0 = Release|Any CPU
		{EF531FF6-E884-443C-9E67-FD94B10341A5}.Debug|Any CPU.ActiveCfg = Debug|Any CPU
		{EF531FF6-E884-443C-9E67-FD94B10341A5}.Debug|Any CPU.Build.0 = Debug|Any CPU
		{EF531FF6-E884-443C-9E67-FD94B10341A5}.Debug|x86.ActiveCfg = Debug|Any CPU
		{EF531FF6-E884-443C-9E67-FD94B10341A5}.Debug|x86.Build.0 = Debug|Any CPU
		{EF531FF6-E884-443C-9E67-FD94B10341A5}.Release|Any CPU.ActiveCfg = Release|Any CPU
		{EF531FF6-E884-443C-9E67-FD94B10341A5}.Release|Any CPU.Build.0 = Release|Any CPU
		{EF531FF6-E884-443C-9E67-FD94B10341A5}.Release|x86.ActiveCfg = Release|Any CPU
		{EF531FF6-E884-443C-9E67-FD94B10341A5}.Release|x86.Build.0 = Release|Any CPU
		{4E42160C-4D85-4619-B9D4-590B53EE3C0D}.Debug|Any CPU.ActiveCfg = Debug|x86
		{4E42160C-4D85-4619-B9D4-590B53EE3C0D}.Debug|x86.ActiveCfg = Debug|x86
		{4E42160C-4D85-4619-B9D4-590B53EE3C0D}.Debug|x86.Build.0 = Debug|x86
		{4E42160C-4D85-4619-B9D4-590B53EE3C0D}.Release|Any CPU.ActiveCfg = Release|x86
		{4E42160C-4D85-4619-B9D4-590B53EE3C0D}.Release|x86.ActiveCfg = Release|x86
		{4E42160C-4D85-4619-B9D4-590B53EE3C0D}.Release|x86.Build.0 = Release|x86
		{C850C998-C7B1-4A64-97A0-6AC415D9DA9A}.Debug|Any CPU.ActiveCfg = Debug|Any CPU
		{C850C998-C7B1-4A64-97A0-6AC415D9DA9A}.Debug|Any CPU.Build.0 = Debug|Any CPU
		{C850C998-C7B1-4A64-97A0-6AC415D9DA9A}.Debug|x86.ActiveCfg = Debug|Any CPU
		{C850C998-C7B1-4A64-97A0-6AC415D9DA9A}.Debug|x86.Build.0 = Debug|Any CPU
		{C850C998-C7B1-4A64-97A0-6AC415D9DA9A}.Release|Any CPU.ActiveCfg = Release|Any CPU
		{C850C998-C7B1-4A64-97A0-6AC415D9DA9A}.Release|Any CPU.Build.0 = Release|Any CPU
		{C850C998-C7B1-4A64-97A0-6AC415D9DA9A}.Release|x86.ActiveCfg = Release|Any CPU
		{C850C998-C7B1-4A64-97A0-6AC415D9DA9A}.Release|x86.Build.0 = Release|Any CPU
	EndGlobalSection
	GlobalSection(SolutionProperties) = preSolution
		HideSolutionNode = FALSE
	EndGlobalSection
	GlobalSection(NestedProjects) = preSolution
		{CDE28E73-9A92-43F1-8F9A-A9C66BB86107} = {92435E7B-3A90-480B-B34A-64CC4F59B498}
		{F1B475F2-724E-4511-853E-B86A05BEB55E} = {01421518-B1D9-4797-B5DD-AB8DBA914190}
		{FDDDA171-941D-4292-B969-5707351D683F} = {01421518-B1D9-4797-B5DD-AB8DBA914190}
		{13FA1F68-3FA5-4B30-B55E-200F5E61CB5C} = {E7E706AF-1ABB-49F4-B732-A574427DB069}
		{C3E4BCC8-C375-405B-971E-81BD400CF141} = {E7E706AF-1ABB-49F4-B732-A574427DB069}
		{1AC892DF-88E0-4222-B6BC-E53183CDFC6F} = {39104715-783E-4A57-8C51-768BFFE2D56F}
		{5D882D62-B90A-4D18-93A2-92BFBEF8CB0B} = {2C4E00A3-A466-4074-814D-2219DA3C7028}
		{AEE81353-3148-4410-8334-EDE8B4C57D66} = {01421518-B1D9-4797-B5DD-AB8DBA914190}
		{0B672001-0644-41FC-803D-115BC7EE4EBE} = {78991456-7543-4F89-9B3F-335B16572AF5}
		{14D21B85-2C44-4768-952C-4FEB470E20D8} = {78991456-7543-4F89-9B3F-335B16572AF5}
		{EF531FF6-E884-443C-9E67-FD94B10341A5} = {0639157D-0AC9-4465-9B94-8A6A340F3F25}
		{4E42160C-4D85-4619-B9D4-590B53EE3C0D} = {78991456-7543-4F89-9B3F-335B16572AF5}
		{C850C998-C7B1-4A64-97A0-6AC415D9DA9A} = {78991456-7543-4F89-9B3F-335B16572AF5}
	EndGlobalSection
	GlobalSection(ExtensibilityGlobals) = postSolution
		SolutionGuid = {8CFFD84F-BF4D-466B-9C5B-4EEAD952A483}
	EndGlobalSection
EndGlobal
